<Solution>
  <Folder Name="/src/">
    <Project Path="src/ClaudeNest.Agent/ClaudeNest.Agent.csproj" />
    <Project Path="src/ClaudeNest.AppHost/ClaudeNest.AppHost.csproj" />
    <Project Path="src/ClaudeNest.Backend/ClaudeNest.Backend.csproj" />
    <Project Path="src/ClaudeNest.ServiceDefaults/ClaudeNest.ServiceDefaults.csproj" />
    <Project Path="src/ClaudeNest.Shared/ClaudeNest.Shared.csproj" />
  </Folder>
  <Folder Name="/tests/">
    <Project Path="tests/ClaudeNest.Backend.IntegrationTests/ClaudeNest.Backend.IntegrationTests.csproj" />
  </Folder>
</Solution>
